
Microsoft Visual Studio Solution File, Format Version 12.00
# Visual Studio Version 16
VisualStudioVersion = 16.0.32602.291
MinimumVisualStudioVersion = 10.0.40219.1
Project("{FAE04EC0-301F-11D3-BF4B-00C04F79EFBC}") = "ByteBank", "ByteBank\ByteBank.csproj", "{FBD8899E-4BA4-484E-B386-727724AAA140}"
EndProject
Global
	GlobalSection(SolutionConfigurationPlatforms) = preSolution
		Debug|Any CPU = Debug|Any CPU
		Release|Any CPU = Release|Any CPU
	EndGlobalSection
	GlobalSection(ProjectConfigurationPlatforms) = postSolution
		{FBD8899E-4BA4-484E-B386-727724AAA140}.Debug|Any CPU.ActiveCfg = Debug|Any CPU
		{FBD8899E-4BA4-484E-B386-727724AAA140}.Debug|Any CPU.Build.0 = Debug|Any CPU
		{FBD8899E-4BA4-484E-B386-727724AAA140}.Release|Any CPU.ActiveCfg = Release|Any CPU
		{FBD8899E-4BA4-484E-B386-727724AAA140}.Release|Any CPU.Build.0 = Release|Any CPU
	EndGlobalSection
	GlobalSection(SolutionProperties) = preSolution
		HideSolutionNode = FALSE
	EndGlobalSection
	GlobalSection(ExtensibilityGlobals) = postSolution
		SolutionGuid = {56B3C36F-4A77-460F-8041-97CCC1B329D6}
	EndGlobalSection
EndGlobal
